
Microsoft Visual Studio Solution File, Format Version 12.00
# Visual Studio Version 17
VisualStudioVersion = 17.11.35327.3
MinimumVisualStudioVersion = 10.0.40219.1
Project("{FAE04EC0-301F-11D3-BF4B-00C04F79EFBC}") = "ConsoleApp1", "ConsoleApp1\ConsoleApp1.csproj", "{7D20564C-934C-457D-BD61-FBBD07A33C84}"
EndProject
Global
	GlobalSection(SolutionConfigurationPlatforms) = preSolution
		Debug|Any CPU = Debug|Any CPU
		Release|Any CPU = Release|Any CPU
	EndGlobalSection
	GlobalSection(ProjectConfigurationPlatforms) = postSolution
		{7D20564C-934C-457D-BD61-FBBD07A33C84}.Debug|Any CPU.ActiveCfg = Debug|Any CPU
		{7D20564C-934C-457D-BD61-FBBD07A33C84}.Debug|Any CPU.Build.0 = Debug|Any CPU
		{7D20564C-934C-457D-BD61-FBBD07A33C84}.Release|Any CPU.ActiveCfg = Release|Any CPU
		{7D20564C-934C-457D-BD61-FBBD07A33C84}.Release|Any CPU.Build.0 = Release|Any CPU
	EndGlobalSection
	GlobalSection(SolutionProperties) = preSolution
		HideSolutionNode = FALSE
	EndGlobalSection
	GlobalSection(ExtensibilityGlobals) = postSolution
		SolutionGuid = {A7115DFE-1472-438F-9120-A6705BB42892}
	EndGlobalSection
EndGlobal
